
Microsoft Visual Studio Solution File, Format Version 12.00
# Visual Studio 2017
Project("{FAE04EC0-301F-11D3-BF4B-00C04F79EFBC}") = "AvatarDuplication", "AvatarDuplication.csproj", "{036FCDE0-2974-E487-F0C9-16F237E27AF6}"
EndProject
Global
	GlobalSection(SolutionConfigurationPlatforms) = preSolution
		Debug|Any CPU = Debug|Any CPU
		Release|Any CPU = Release|Any CPU
	EndGlobalSection
	GlobalSection(ProjectConfigurationPlatforms) = postSolution
		{036FCDE0-2974-E487-F0C9-16F237E27AF6}.Debug|Any CPU.ActiveCfg = Debug|Any CPU
		{036FCDE0-2974-E487-F0C9-16F237E27AF6}.Debug|Any CPU.Build.0 = Debug|Any CPU
		{036FCDE0-2974-E487-F0C9-16F237E27AF6}.Release|Any CPU.ActiveCfg = Release|Any CPU
		{036FCDE0-2974-E487-F0C9-16F237E27AF6}.Release|Any CPU.Build.0 = Release|Any CPU
	EndGlobalSection
	GlobalSection(SolutionProperties) = preSolution
		HideSolutionNode = FALSE
	EndGlobalSection
EndGlobal
